
Microsoft Visual Studio Solution File, Format Version 12.00
# Visual Studio Version 16
VisualStudioVersion = 16.0.28917.181
MinimumVisualStudioVersion = 10.0.40219.1
Project("{9A19103F-16F7-4668-BE54-9A1E7A4F7556}") = "VisualStudio", "VisualStudio\VisualStudio.csproj", "{63889D62-F557-4522-8A21-B6E1F125A98E}"
EndProject
Project("{2150E333-8FDC-42A3-9474-1A3956D46DE8}") = "Exercise1", "Exercise1", "{7F68BC95-12C0-4E31-88F7-A5B9BA8028AE}"
EndProject
Project("{9A19103F-16F7-4668-BE54-9A1E7A4F7556}") = "FooBar", "FooBar\FooBar.csproj", "{95E7ED53-9B19-4A62-94E3-05C778F4D2C0}"
EndProject
Project("{2150E333-8FDC-42A3-9474-1A3956D46DE8}") = "Exercise2", "Exercise2", "{B96C82C1-6FD8-4E35-855F-40C518A0D082}"
EndProject
Project("{9A19103F-16F7-4668-BE54-9A1E7A4F7556}") = "FooBarExtended", "FooBarExtended\FooBarExtended.csproj", "{1E573B9D-342E-4F97-A536-25F902B0226A}"
EndProject
Project("{2150E333-8FDC-42A3-9474-1A3956D46DE8}") = "Exercise3", "Exercise3", "{21A03C16-0491-48EE-A893-56D8352CBE47}"
EndProject
Project("{9A19103F-16F7-4668-BE54-9A1E7A4F7556}") = "SharkSounds", "SharkSounds\SharkSounds.csproj", "{85EA4C0F-57E7-4DFC-BFDF-15B33E506D71}"
EndProject
Project("{9A19103F-16F7-4668-BE54-9A1E7A4F7556}") = "Calculator", "Calculator\Calculator.csproj", "{5F5C7C50-595C-412E-B941-ECAA8389F691}"
EndProject
Project("{9A19103F-16F7-4668-BE54-9A1E7A4F7556}") = "Palindrome", "Palindrome\Palindrome.csproj", "{15BB037E-F172-493B-9BBE-7EE957909C1D}"
EndProject
Project("{2150E333-8FDC-42A3-9474-1A3956D46DE8}") = "Exercise4", "Exercise4", "{CB9B1D82-0EE5-4A90-B6C4-D09C92FD6443}"
EndProject
Project("{FAE04EC0-301F-11D3-BF4B-00C04F79EFBC}") = "PersonalnformationSystem", "PersonalnformationSystem\PersonalnformationSystem.csproj", "{BEEF68E6-2EEB-40AE-8DEE-446DE5828D61}"
EndProject
Global
	GlobalSection(SolutionConfigurationPlatforms) = preSolution
		Debug|Any CPU = Debug|Any CPU
		Release|Any CPU = Release|Any CPU
	EndGlobalSection
	GlobalSection(ProjectConfigurationPlatforms) = postSolution
		{63889D62-F557-4522-8A21-B6E1F125A98E}.Debug|Any CPU.ActiveCfg = Debug|Any CPU
		{63889D62-F557-4522-8A21-B6E1F125A98E}.Debug|Any CPU.Build.0 = Debug|Any CPU
		{63889D62-F557-4522-8A21-B6E1F125A98E}.Release|Any CPU.ActiveCfg = Release|Any CPU
		{63889D62-F557-4522-8A21-B6E1F125A98E}.Release|Any CPU.Build.0 = Release|Any CPU
		{95E7ED53-9B19-4A62-94E3-05C778F4D2C0}.Debug|Any CPU.ActiveCfg = Debug|Any CPU
		{95E7ED53-9B19-4A62-94E3-05C778F4D2C0}.Debug|Any CPU.Build.0 = Debug|Any CPU
		{95E7ED53-9B19-4A62-94E3-05C778F4D2C0}.Release|Any CPU.ActiveCfg = Release|Any CPU
		{95E7ED53-9B19-4A62-94E3-05C778F4D2C0}.Release|Any CPU.Build.0 = Release|Any CPU
		{1E573B9D-342E-4F97-A536-25F902B0226A}.Debug|Any CPU.ActiveCfg = Debug|Any CPU
		{1E573B9D-342E-4F97-A536-25F902B0226A}.Debug|Any CPU.Build.0 = Debug|Any CPU
		{1E573B9D-342E-4F97-A536-25F902B0226A}.Release|Any CPU.ActiveCfg = Release|Any CPU
		{1E573B9D-342E-4F97-A536-25F902B0226A}.Release|Any CPU.Build.0 = Release|Any CPU
		{85EA4C0F-57E7-4DFC-BFDF-15B33E506D71}.Debug|Any CPU.ActiveCfg = Debug|Any CPU
		{85EA4C0F-57E7-4DFC-BFDF-15B33E506D71}.Debug|Any CPU.Build.0 = Debug|Any CPU
		{85EA4C0F-57E7-4DFC-BFDF-15B33E506D71}.Release|Any CPU.ActiveCfg = Release|Any CPU
		{85EA4C0F-57E7-4DFC-BFDF-15B33E506D71}.Release|Any CPU.Build.0 = Release|Any CPU
		{5F5C7C50-595C-412E-B941-ECAA8389F691}.Debug|Any CPU.ActiveCfg = Debug|Any CPU
		{5F5C7C50-595C-412E-B941-ECAA8389F691}.Debug|Any CPU.Build.0 = Debug|Any CPU
		{5F5C7C50-595C-412E-B941-ECAA8389F691}.Release|Any CPU.ActiveCfg = Release|Any CPU
		{5F5C7C50-595C-412E-B941-ECAA8389F691}.Release|Any CPU.Build.0 = Release|Any CPU
		{15BB037E-F172-493B-9BBE-7EE957909C1D}.Debug|Any CPU.ActiveCfg = Debug|Any CPU
		{15BB037E-F172-493B-9BBE-7EE957909C1D}.Debug|Any CPU.Build.0 = Debug|Any CPU
		{15BB037E-F172-493B-9BBE-7EE957909C1D}.Release|Any CPU.ActiveCfg = Release|Any CPU
		{15BB037E-F172-493B-9BBE-7EE957909C1D}.Release|Any CPU.Build.0 = Release|Any CPU
		{BEEF68E6-2EEB-40AE-8DEE-446DE5828D61}.Debug|Any CPU.ActiveCfg = Debug|Any CPU
		{BEEF68E6-2EEB-40AE-8DEE-446DE5828D61}.Debug|Any CPU.Build.0 = Debug|Any CPU
		{BEEF68E6-2EEB-40AE-8DEE-446DE5828D61}.Release|Any CPU.ActiveCfg = Release|Any CPU
		{BEEF68E6-2EEB-40AE-8DEE-446DE5828D61}.Release|Any CPU.Build.0 = Release|Any CPU
	EndGlobalSection
	GlobalSection(SolutionProperties) = preSolution
		HideSolutionNode = FALSE
	EndGlobalSection
	GlobalSection(NestedProjects) = preSolution
		{95E7ED53-9B19-4A62-94E3-05C778F4D2C0} = {7F68BC95-12C0-4E31-88F7-A5B9BA8028AE}
		{1E573B9D-342E-4F97-A536-25F902B0226A} = {B96C82C1-6FD8-4E35-855F-40C518A0D082}
		{85EA4C0F-57E7-4DFC-BFDF-15B33E506D71} = {21A03C16-0491-48EE-A893-56D8352CBE47}
		{5F5C7C50-595C-412E-B941-ECAA8389F691} = {21A03C16-0491-48EE-A893-56D8352CBE47}
		{15BB037E-F172-493B-9BBE-7EE957909C1D} = {21A03C16-0491-48EE-A893-56D8352CBE47}
		{BEEF68E6-2EEB-40AE-8DEE-446DE5828D61} = {CB9B1D82-0EE5-4A90-B6C4-D09C92FD6443}
	EndGlobalSection
	GlobalSection(ExtensibilityGlobals) = postSolution
		SolutionGuid = {D1BCD215-D9D6-42A9-B4C8-9435B2C87B9D}
	EndGlobalSection
EndGlobal
